
Microsoft Visual Studio Solution File, Format Version 12.00
# Visual Studio Version 17
VisualStudioVersion = 17.6.33723.286
MinimumVisualStudioVersion = 10.0.40219.1
Project("{9A19103F-16F7-4668-BE54-9A1E7A4F7556}") = "Restaurant_Reservation_Management_System_Api", "Restoran-API\Restaurant_Reservation_Management_System_Api.csproj", "{DCDCD796-B897-4E22-8E44-5381AAEA0903}"
EndProject
Project("{FAE04EC0-301F-11D3-BF4B-00C04F79EFBC}") = "EmailService", "EmailService\EmailService.csproj", "{20F43E60-3CC4-447D-ABC9-CBAFC5B85DE2}"
EndProject
Global
	GlobalSection(SolutionConfigurationPlatforms) = preSolution
		Debug|Any CPU = Debug|Any CPU
		Release|Any CPU = Release|Any CPU
	EndGlobalSection
	GlobalSection(ProjectConfigurationPlatforms) = postSolution
		{DCDCD796-B897-4E22-8E44-5381AAEA0903}.Debug|Any CPU.ActiveCfg = Debug|Any CPU
		{DCDCD796-B897-4E22-8E44-5381AAEA0903}.Debug|Any CPU.Build.0 = Debug|Any CPU
		{DCDCD796-B897-4E22-8E44-5381AAEA0903}.Release|Any CPU.ActiveCfg = Release|Any CPU
		{DCDCD796-B897-4E22-8E44-5381AAEA0903}.Release|Any CPU.Build.0 = Release|Any CPU
		{20F43E60-3CC4-447D-ABC9-CBAFC5B85DE2}.Debug|Any CPU.ActiveCfg = Debug|Any CPU
		{20F43E60-3CC4-447D-ABC9-CBAFC5B85DE2}.Debug|Any CPU.Build.0 = Debug|Any CPU
		{20F43E60-3CC4-447D-ABC9-CBAFC5B85DE2}.Release|Any CPU.ActiveCfg = Release|Any CPU
		{20F43E60-3CC4-447D-ABC9-CBAFC5B85DE2}.Release|Any CPU.Build.0 = Release|Any CPU
	EndGlobalSection
	GlobalSection(SolutionProperties) = preSolution
		HideSolutionNode = FALSE
	EndGlobalSection
	GlobalSection(ExtensibilityGlobals) = postSolution
		SolutionGuid = {7CB9B58E-7AF6-4CBC-B140-A8AA3ADF9544}
	EndGlobalSection
EndGlobal
